
Microsoft Visual Studio Solution File, Format Version 12.00
# Visual Studio 15
VisualStudioVersion = 15.0.28010.2048
MinimumVisualStudioVersion = 10.0.40219.1
Project("{FAE04EC0-301F-11D3-BF4B-00C04F79EFBC}") = "ResponsiveWebApplication", "ResponsiveWebApplication\ResponsiveWebApplication.csproj", "{9665D0FF-466D-4FFD-B1DB-657856F1450D}"
EndProject
Global
	GlobalSection(SolutionConfigurationPlatforms) = preSolution
		Debug|Any CPU = Debug|Any CPU
		Release|Any CPU = Release|Any CPU
	EndGlobalSection
	GlobalSection(ProjectConfigurationPlatforms) = postSolution
		{9665D0FF-466D-4FFD-B1DB-657856F1450D}.Debug|Any CPU.ActiveCfg = Debug|Any CPU
		{9665D0FF-466D-4FFD-B1DB-657856F1450D}.Debug|Any CPU.Build.0 = Debug|Any CPU
		{9665D0FF-466D-4FFD-B1DB-657856F1450D}.Release|Any CPU.ActiveCfg = Release|Any CPU
		{9665D0FF-466D-4FFD-B1DB-657856F1450D}.Release|Any CPU.Build.0 = Release|Any CPU
	EndGlobalSection
	GlobalSection(SolutionProperties) = preSolution
		HideSolutionNode = FALSE
	EndGlobalSection
	GlobalSection(ExtensibilityGlobals) = postSolution
		SolutionGuid = {4534FE0F-2847-46FC-B16E-19C42877D1C9}
	EndGlobalSection
EndGlobal
